// !$*UTF8*$!
{
	archiveVersion = 1;
	classes = {
	};
	objectVersion = 51;
	objects = {

/* Begin PBXBuildFile section */
		056E704F23731B48007E326C /* AppDelegate.swift in Sources */ = {isa = PBXBuildFile; fileRef = 056E704E23731B48007E326C /* AppDelegate.swift */; };
		056E705123731B48007E326C /* SceneDelegate.swift in Sources */ = {isa = PBXBuildFile; fileRef = 056E705023731B48007E326C /* SceneDelegate.swift */; };
		056E705323731B48007E326C /* MainViewController.swift in Sources */ = {isa = PBXBuildFile; fileRef = 056E705223731B48007E326C /* MainViewController.swift */; };
		056E705623731B48007E326C /* Main.storyboard in Resources */ = {isa = PBXBuildFile; fileRef = 056E705423731B48007E326C /* Main.storyboard */; };
		056E705823731B4E007E326C /* Assets.xcassets in Resources */ = {isa = PBXBuildFile; fileRef = 056E705723731B4E007E326C /* Assets.xcassets */; };
		056E705B23731B4E007E326C /* LaunchScreen.storyboard in Resources */ = {isa = PBXBuildFile; fileRef = 056E705923731B4E007E326C /* LaunchScreen.storyboard */; };
		056E706423744A73007E326C /* MainInteractor.swift in Sources */ = {isa = PBXBuildFile; fileRef = 056E706323744A73007E326C /* MainInteractor.swift */; };
		056E706623744A7C007E326C /* MainPresenter.swift in Sources */ = {isa = PBXBuildFile; fileRef = 056E706523744A7C007E326C /* MainPresenter.swift */; };
		056E706B2374BD31007E326C /* questions.json in Resources */ = {isa = PBXBuildFile; fileRef = 056E706A2374BD31007E326C /* questions.json */; };
		0583B6E2237DA23800D67085 /* GoogleService-Info.plist in Resources */ = {isa = PBXBuildFile; fileRef = 0583B6E1237DA23800D67085 /* GoogleService-Info.plist */; };
		0599F8422375CC7D00F7804E /* StartViewController.swift in Sources */ = {isa = PBXBuildFile; fileRef = 0599F8412375CC7D00F7804E /* StartViewController.swift */; };
		0599F8442375CC8A00F7804E /* StartInteractor.swift in Sources */ = {isa = PBXBuildFile; fileRef = 0599F8432375CC8A00F7804E /* StartInteractor.swift */; };
		0599F8462375CC9400F7804E /* StartPresenter.swift in Sources */ = {isa = PBXBuildFile; fileRef = 0599F8452375CC9400F7804E /* StartPresenter.swift */; };
		05D5E2A8239A991A00DA921C /* FirebaseService.swift in Sources */ = {isa = PBXBuildFile; fileRef = 05D5E2A7239A991A00DA921C /* FirebaseService.swift */; };
		F5E758871EA5B3F5A73846B9 /* Pods_iliili.framework in Frameworks */ = {isa = PBXBuildFile; fileRef = F7A0AEABC085FABD2C4EF6FC /* Pods_iliili.framework */; };
/* End PBXBuildFile section */

/* Begin PBXFileReference section */
		056E704B23731B48007E326C /* iliili.app */ = {isa = PBXFileReference; explicitFileType = wrapper.application; includeInIndex = 0; path = iliili.app; sourceTree = BUILT_PRODUCTS_DIR; };
		056E704E23731B48007E326C /* AppDelegate.swift */ = {isa = PBXFileReference; lastKnownFileType = sourcecode.swift; path = AppDelegate.swift; sourceTree = "<group>"; };
		056E705023731B48007E326C /* SceneDelegate.swift */ = {isa = PBXFileReference; lastKnownFileType = sourcecode.swift; path = SceneDelegate.swift; sourceTree = "<group>"; };
		056E705223731B48007E326C /* MainViewController.swift */ = {isa = PBXFileReference; lastKnownFileType = sourcecode.swift; path = MainViewController.swift; sourceTree = "<group>"; };
		056E705523731B48007E326C /* Base */ = {isa = PBXFileReference; lastKnownFileType = file.storyboard; name = Base; path = Base.lproj/Main.storyboard; sourceTree = "<group>"; };
		056E705723731B4E007E326C /* Assets.xcassets */ = {isa = PBXFileReference; lastKnownFileType = folder.assetcatalog; path = Assets.xcassets; sourceTree = "<group>"; };
		056E705A23731B4E007E326C /* Base */ = {isa = PBXFileReference; lastKnownFileType = file.storyboard; name = Base; path = Base.lproj/LaunchScreen.storyboard; sourceTree = "<group>"; };
		056E705C23731B4E007E326C /* Info.plist */ = {isa = PBXFileReference; lastKnownFileType = text.plist.xml; path = Info.plist; sourceTree = "<group>"; };
		056E706323744A73007E326C /* MainInteractor.swift */ = {isa = PBXFileReference; lastKnownFileType = sourcecode.swift; path = MainInteractor.swift; sourceTree = "<group>"; };
		056E706523744A7C007E326C /* MainPresenter.swift */ = {isa = PBXFileReference; lastKnownFileType = sourcecode.swift; path = MainPresenter.swift; sourceTree = "<group>"; };
		056E70692374581C007E326C /* README.md */ = {isa = PBXFileReference; lastKnownFileType = net.daringfireball.markdown; path = README.md; sourceTree = "<group>"; };
		056E706A2374BD31007E326C /* questions.json */ = {isa = PBXFileReference; fileEncoding = 4; lastKnownFileType = text.json; path = questions.json; sourceTree = "<group>"; };
		0583B6E1237DA23800D67085 /* GoogleService-Info.plist */ = {isa = PBXFileReference; fileEncoding = 4; lastKnownFileType = text.plist.xml; path = "GoogleService-Info.plist"; sourceTree = "<group>"; };
		0599F8412375CC7D00F7804E /* StartViewController.swift */ = {isa = PBXFileReference; lastKnownFileType = sourcecode.swift; path = StartViewController.swift; sourceTree = "<group>"; };
		0599F8432375CC8A00F7804E /* StartInteractor.swift */ = {isa = PBXFileReference; lastKnownFileType = sourcecode.swift; path = StartInteractor.swift; sourceTree = "<group>"; };
		0599F8452375CC9400F7804E /* StartPresenter.swift */ = {isa = PBXFileReference; lastKnownFileType = sourcecode.swift; path = StartPresenter.swift; sourceTree = "<group>"; };
		05D5E2A7239A991A00DA921C /* FirebaseService.swift */ = {isa = PBXFileReference; lastKnownFileType = sourcecode.swift; path = FirebaseService.swift; sourceTree = "<group>"; };
		ABE565BACDAA628EE20EA491 /* Pods-iliili.release.xcconfig */ = {isa = PBXFileReference; includeInIndex = 1; lastKnownFileType = text.xcconfig; name = "Pods-iliili.release.xcconfig"; path = "Target Support Files/Pods-iliili/Pods-iliili.release.xcconfig"; sourceTree = "<group>"; };
		C60239A9410F360A2A1E4762 /* Pods-iliili.debug.xcconfig */ = {isa = PBXFileReference; includeInIndex = 1; lastKnownFileType = text.xcconfig; name = "Pods-iliili.debug.xcconfig"; path = "Target Support Files/Pods-iliili/Pods-iliili.debug.xcconfig"; sourceTree = "<group>"; };
		F7A0AEABC085FABD2C4EF6FC /* Pods_iliili.framework */ = {isa = PBXFileReference; explicitFileType = wrapper.framework; includeInIndex = 0; path = Pods_iliili.framework; sourceTree = BUILT_PRODUCTS_DIR; };
/* End PBXFileReference section */

/* Begin PBXFrameworksBuildPhase section */
		056E704823731B48007E326C /* Frameworks */ = {
			isa = PBXFrameworksBuildPhase;
			buildActionMask = 2147483647;
			files = (
				F5E758871EA5B3F5A73846B9 /* Pods_iliili.framework in Frameworks */,
			);
			runOnlyForDeploymentPostprocessing = 0;
		};
/* End PBXFrameworksBuildPhase section */

/* Begin PBXGroup section */
		056E704223731B48007E326C = {
			isa = PBXGroup;
			children = (
				056E704D23731B48007E326C /* iliili */,
				056E704C23731B48007E326C /* Products */,
				255E2EAAF21008DD7302BF3A /* Pods */,
				C684FCF85B26552349A55D45 /* Frameworks */,
			);
			sourceTree = "<group>";
		};
		056E704C23731B48007E326C /* Products */ = {
			isa = PBXGroup;
			children = (
				056E704B23731B48007E326C /* iliili.app */,
			);
			name = Products;
			sourceTree = "<group>";
		};
		056E704D23731B48007E326C /* iliili */ = {
			isa = PBXGroup;
			children = (
				056E704E23731B48007E326C /* AppDelegate.swift */,
				056E705023731B48007E326C /* SceneDelegate.swift */,
				0599F8402375CC5000F7804E /* Start */,
				056E706223744A5C007E326C /* Main */,
				05D5E2A6239A986C00DA921C /* Services */,
				056E705423731B48007E326C /* Main.storyboard */,
				056E705923731B4E007E326C /* LaunchScreen.storyboard */,
				056E705723731B4E007E326C /* Assets.xcassets */,
				0583B6E1237DA23800D67085 /* GoogleService-Info.plist */,
				056E705C23731B4E007E326C /* Info.plist */,
				056E706A2374BD31007E326C /* questions.json */,
				056E70692374581C007E326C /* README.md */,
			);
			path = iliili;
			sourceTree = "<group>";
		};
		056E706223744A5C007E326C /* Main */ = {
			isa = PBXGroup;
			children = (
				056E705223731B48007E326C /* MainViewController.swift */,
				056E706323744A73007E326C /* MainInteractor.swift */,
				056E706523744A7C007E326C /* MainPresenter.swift */,
			);
			path = Main;
			sourceTree = "<group>";
		};
		0599F8402375CC5000F7804E /* Start */ = {
			isa = PBXGroup;
			children = (
				0599F8412375CC7D00F7804E /* StartViewController.swift */,
				0599F8432375CC8A00F7804E /* StartInteractor.swift */,
				0599F8452375CC9400F7804E /* StartPresenter.swift */,
			);
			path = Start;
			sourceTree = "<group>";
		};
		05D5E2A6239A986C00DA921C /* Services */ = {
			isa = PBXGroup;
			children = (
				05D5E2A7239A991A00DA921C /* FirebaseService.swift */,
			);
			path = Services;
			sourceTree = "<group>";
		};
		255E2EAAF21008DD7302BF3A /* Pods */ = {
			isa = PBXGroup;
			children = (
				C60239A9410F360A2A1E4762 /* Pods-iliili.debug.xcconfig */,
				ABE565BACDAA628EE20EA491 /* Pods-iliili.release.xcconfig */,
			);
			path = Pods;
			sourceTree = "<group>";
		};
		C684FCF85B26552349A55D45 /* Frameworks */ = {
			isa = PBXGroup;
			children = (
				F7A0AEABC085FABD2C4EF6FC /* Pods_iliili.framework */,
			);
			name = Frameworks;
			sourceTree = "<group>";
		};
/* End PBXGroup section */

/* Begin PBXNativeTarget section */
		056E704A23731B48007E326C /* iliili */ = {
			isa = PBXNativeTarget;
			buildConfigurationList = 056E705F23731B4E007E326C /* Build configuration list for PBXNativeTarget "iliili" */;
			buildPhases = (
				8458AA8A532E43FB19FA3C21 /* [CP] Check Pods Manifest.lock */,
				056E704723731B48007E326C /* Sources */,
				056E704823731B48007E326C /* Frameworks */,
				056E704923731B48007E326C /* Resources */,
				00F1270D46DD68F5DFC93EA9 /* [CP] Embed Pods Frameworks */,
			);
			buildRules = (
			);
			dependencies = (
			);
			name = iliili;
			productName = iliili;
			productReference = 056E704B23731B48007E326C /* iliili.app */;
			productType = "com.apple.product-type.application";
		};
/* End PBXNativeTarget section */

/* Begin PBXProject section */
		056E704323731B48007E326C /* Project object */ = {
			isa = PBXProject;
			attributes = {
				LastSwiftUpdateCheck = 1110;
				LastUpgradeCheck = 1110;
				ORGANIZATIONNAME = "Viktor Gordienko";
				TargetAttributes = {
					056E704A23731B48007E326C = {
						CreatedOnToolsVersion = 11.1;
					};
				};
			};
			buildConfigurationList = 056E704623731B48007E326C /* Build configuration list for PBXProject "iliili" */;
			compatibilityVersion = "Xcode 9.3";
			developmentRegion = en;
			hasScannedForEncodings = 0;
			knownRegions = (
				en,
				Base,
			);
			mainGroup = 056E704223731B48007E326C;
			productRefGroup = 056E704C23731B48007E326C /* Products */;
			projectDirPath = "";
			projectRoot = "";
			targets = (
				056E704A23731B48007E326C /* iliili */,
			);
		};
/* End PBXProject section */

/* Begin PBXResourcesBuildPhase section */
		056E704923731B48007E326C /* Resources */ = {
			isa = PBXResourcesBuildPhase;
			buildActionMask = 2147483647;
			files = (
				056E706B2374BD31007E326C /* questions.json in Resources */,
				056E705B23731B4E007E326C /* LaunchScreen.storyboard in Resources */,
				0583B6E2237DA23800D67085 /* GoogleService-Info.plist in Resources */,
				056E705823731B4E007E326C /* Assets.xcassets in Resources */,
				056E705623731B48007E326C /* Main.storyboard in Resources */,
			);
			runOnlyForDeploymentPostprocessing = 0;
		};
/* End PBXResourcesBuildPhase section */

/* Begin PBXShellScriptBuildPhase section */
		00F1270D46DD68F5DFC93EA9 /* [CP] Embed Pods Frameworks */ = {
			isa = PBXShellScriptBuildPhase;
			buildActionMask = 2147483647;
			files = (
			);
			inputFileListPaths = (
				"${PODS_ROOT}/Target Support Files/Pods-iliili/Pods-iliili-frameworks-${CONFIGURATION}-input-files.xcfilelist",
			);
			name = "[CP] Embed Pods Frameworks";
			outputFileListPaths = (
				"${PODS_ROOT}/Target Support Files/Pods-iliili/Pods-iliili-frameworks-${CONFIGURATION}-output-files.xcfilelist",
			);
			runOnlyForDeploymentPostprocessing = 0;
			shellPath = /bin/sh;
			shellScript = "\"${PODS_ROOT}/Target Support Files/Pods-iliili/Pods-iliili-frameworks.sh\"\n";
			showEnvVarsInLog = 0;
		};
		8458AA8A532E43FB19FA3C21 /* [CP] Check Pods Manifest.lock */ = {
			isa = PBXShellScriptBuildPhase;
			buildActionMask = 2147483647;
			files = (
			);
			inputFileListPaths = (
			);
			inputPaths = (
				"${PODS_PODFILE_DIR_PATH}/Podfile.lock",
				"${PODS_ROOT}/Manifest.lock",
			);
			name = "[CP] Check Pods Manifest.lock";
			outputFileListPaths = (
			);
			outputPaths = (
				"$(DERIVED_FILE_DIR)/Pods-iliili-checkManifestLockResult.txt",
			);
			runOnlyForDeploymentPostprocessing = 0;
			shellPath = /bin/sh;
			shellScript = "diff \"${PODS_PODFILE_DIR_PATH}/Podfile.lock\" \"${PODS_ROOT}/Manifest.lock\" > /dev/null\nif [ $? != 0 ] ; then\n    # print error to STDERR\n    echo \"error: The sandbox is not in sync with the Podfile.lock. Run 'pod install' or update your CocoaPods installation.\" >&2\n    exit 1\nfi\n# This output is used by Xcode 'outputs' to avoid re-running this script phase.\necho \"SUCCESS\" > \"${SCRIPT_OUTPUT_FILE_0}\"\n";
			showEnvVarsInLog = 0;
		};
/* End PBXShellScriptBuildPhase section */

/* Begin PBXSourcesBuildPhase section */
		056E704723731B48007E326C /* Sources */ = {
			isa = PBXSourcesBuildPhase;
			buildActionMask = 2147483647;
			files = (
				056E706623744A7C007E326C /* MainPresenter.swift in Sources */,
				056E705323731B48007E326C /* MainViewController.swift in Sources */,
				056E704F23731B48007E326C /* AppDelegate.swift in Sources */,
				0599F8442375CC8A00F7804E /* StartInteractor.swift in Sources */,
				05D5E2A8239A991A00DA921C /* FirebaseService.swift in Sources */,
				056E705123731B48007E326C /* SceneDelegate.swift in Sources */,
				0599F8462375CC9400F7804E /* StartPresenter.swift in Sources */,
				056E706423744A73007E326C /* MainInteractor.swift in Sources */,
				0599F8422375CC7D00F7804E /* StartViewController.swift in Sources */,
			);
			runOnlyForDeploymentPostprocessing = 0;
		};
/* End PBXSourcesBuildPhase section */

/* Begin PBXVariantGroup section */
		056E705423731B48007E326C /* Main.storyboard */ = {
			isa = PBXVariantGroup;
			children = (
				056E705523731B48007E326C /* Base */,
			);
			name = Main.storyboard;
			sourceTree = "<group>";
		};
		056E705923731B4E007E326C /* LaunchScreen.storyboard */ = {
			isa = PBXVariantGroup;
			children = (
				056E705A23731B4E007E326C /* Base */,
			);
			name = LaunchScreen.storyboard;
			sourceTree = "<group>";
		};
/* End PBXVariantGroup section */

/* Begin XCBuildConfiguration section */
		056E705D23731B4E007E326C /* Debug */ = {
			isa = XCBuildConfiguration;
			buildSettings = {
				ALWAYS_SEARCH_USER_PATHS = NO;
				CLANG_ANALYZER_NONNULL = YES;
				CLANG_ANALYZER_NUMBER_OBJECT_CONVERSION = YES_AGGRESSIVE;
				CLANG_CXX_LANGUAGE_STANDARD = "gnu++14";
				CLANG_CXX_LIBRARY = "libc++";
				CLANG_ENABLE_MODULES = YES;
				CLANG_ENABLE_OBJC_ARC = YES;
				CLANG_ENABLE_OBJC_WEAK = YES;
				CLANG_WARN_BLOCK_CAPTURE_AUTORELEASING = YES;
				CLANG_WARN_BOOL_CONVERSION = YES;
				CLANG_WARN_COMMA = YES;
				CLANG_WARN_CONSTANT_CONVERSION = YES;
				CLANG_WARN_DEPRECATED_OBJC_IMPLEMENTATIONS = YES;
				CLANG_WARN_DIRECT_OBJC_ISA_USAGE = YES_ERROR;
				CLANG_WARN_DOCUMENTATION_COMMENTS = YES;
				CLANG_WARN_EMPTY_BODY = YES;
				CLANG_WARN_ENUM_CONVERSION = YES;
				CLANG_WARN_INFINITE_RECURSION = YES;
				CLANG_WARN_INT_CONVERSION = YES;
				CLANG_WARN_NON_LITERAL_NULL_CONVERSION = YES;
				CLANG_WARN_OBJC_IMPLICIT_RETAIN_SELF = YES;
				CLANG_WARN_OBJC_LITERAL_CONVERSION = YES;
				CLANG_WARN_OBJC_ROOT_CLASS = YES_ERROR;
				CLANG_WARN_RANGE_LOOP_ANALYSIS = YES;
				CLANG_WARN_STRICT_PROTOTYPES = YES;
				CLANG_WARN_SUSPICIOUS_MOVE = YES;
				CLANG_WARN_UNGUARDED_AVAILABILITY = YES_AGGRESSIVE;
				CLANG_WARN_UNREACHABLE_CODE = YES;
				CLANG_WARN__DUPLICATE_METHOD_MATCH = YES;
				COPY_PHASE_STRIP = NO;
				DEBUG_INFORMATION_FORMAT = dwarf;
				ENABLE_STRICT_OBJC_MSGSEND = YES;
				ENABLE_TESTABILITY = YES;
				GCC_C_LANGUAGE_STANDARD = gnu11;
				GCC_DYNAMIC_NO_PIC = NO;
				GCC_NO_COMMON_BLOCKS = YES;
				GCC_OPTIMIZATION_LEVEL = 0;
				GCC_PREPROCESSOR_DEFINITIONS = (
					"DEBUG=1",
					"$(inherited)",
				);
				GCC_WARN_64_TO_32_BIT_CONVERSION = YES;
				GCC_WARN_ABOUT_RETURN_TYPE = YES_ERROR;
				GCC_WARN_UNDECLARED_SELECTOR = YES;
				GCC_WARN_UNINITIALIZED_AUTOS = YES_AGGRESSIVE;
				GCC_WARN_UNUSED_FUNCTION = YES;
				GCC_WARN_UNUSED_VARIABLE = YES;
				IPHONEOS_DEPLOYMENT_TARGET = 13.1;
				MTL_ENABLE_DEBUG_INFO = INCLUDE_SOURCE;
				MTL_FAST_MATH = YES;
				ONLY_ACTIVE_ARCH = YES;
				SDKROOT = iphoneos;
				SWIFT_ACTIVE_COMPILATION_CONDITIONS = DEBUG;
				SWIFT_OPTIMIZATION_LEVEL = "-Onone";
			};
			name = Debug;
		};
		056E705E23731B4E007E326C /* Release */ = {
			isa = XCBuildConfiguration;
			buildSettings = {
				ALWAYS_SEARCH_USER_PATHS = NO;
				CLANG_ANALYZER_NONNULL = YES;
				CLANG_ANALYZER_NUMBER_OBJECT_CONVERSION = YES_AGGRESSIVE;
				CLANG_CXX_LANGUAGE_STANDARD = "gnu++14";
				CLANG_CXX_LIBRARY = "libc++";
				CLANG_ENABLE_MODULES = YES;
				CLANG_ENABLE_OBJC_ARC = YES;
				CLANG_ENABLE_OBJC_WEAK = YES;
				CLANG_WARN_BLOCK_CAPTURE_AUTORELEASING = YES;
				CLANG_WARN_BOOL_CONVERSION = YES;
				CLANG_WARN_COMMA = YES;
				CLANG_WARN_CONSTANT_CONVERSION = YES;
				CLANG_WARN_DEPRECATED_OBJC_IMPLEMENTATIONS = YES;
				CLANG_WARN_DIRECT_OBJC_ISA_USAGE = YES_ERROR;
				CLANG_WARN_DOCUMENTATION_COMMENTS = YES;
				CLANG_WARN_EMPTY_BODY = YES;
				CLANG_WARN_ENUM_CONVERSION = YES;
				CLANG_WARN_INFINITE_RECURSION = YES;
				CLANG_WARN_INT_CONVERSION = YES;
				CLANG_WARN_NON_LITERAL_NULL_CONVERSION = YES;
				CLANG_WARN_OBJC_IMPLICIT_RETAIN_SELF = YES;
				CLANG_WARN_OBJC_LITERAL_CONVERSION = YES;
				CLANG_WARN_OBJC_ROOT_CLASS = YES_ERROR;
				CLANG_WARN_RANGE_LOOP_ANALYSIS = YES;
				CLANG_WARN_STRICT_PROTOTYPES = YES;
				CLANG_WARN_SUSPICIOUS_MOVE = YES;
				CLANG_WARN_UNGUARDED_AVAILABILITY = YES_AGGRESSIVE;
				CLANG_WARN_UNREACHABLE_CODE = YES;
				CLANG_WARN__DUPLICATE_METHOD_MATCH = YES;
				COPY_PHASE_STRIP = NO;
				DEBUG_INFORMATION_FORMAT = "dwarf-with-dsym";
				ENABLE_NS_ASSERTIONS = NO;
				ENABLE_STRICT_OBJC_MSGSEND = YES;
				GCC_C_LANGUAGE_STANDARD = gnu11;
				GCC_NO_COMMON_BLOCKS = YES;
				GCC_WARN_64_TO_32_BIT_CONVERSION = YES;
				GCC_WARN_ABOUT_RETURN_TYPE = YES_ERROR;
				GCC_WARN_UNDECLARED_SELECTOR = YES;
				GCC_WARN_UNINITIALIZED_AUTOS = YES_AGGRESSIVE;
				GCC_WARN_UNUSED_FUNCTION = YES;
				GCC_WARN_UNUSED_VARIABLE = YES;
				IPHONEOS_DEPLOYMENT_TARGET = 13.1;
				MTL_ENABLE_DEBUG_INFO = NO;
				MTL_FAST_MATH = YES;
				SDKROOT = iphoneos;
				SWIFT_COMPILATION_MODE = wholemodule;
				SWIFT_OPTIMIZATION_LEVEL = "-O";
				VALIDATE_PRODUCT = YES;
			};
			name = Release;
		};
		056E706023731B4E007E326C /* Debug */ = {
			isa = XCBuildConfiguration;
			baseConfigurationReference = C60239A9410F360A2A1E4762 /* Pods-iliili.debug.xcconfig */;
			buildSettings = {
				ASSETCATALOG_COMPILER_APPICON_NAME = AppIcon;
				CODE_SIGN_STYLE = Automatic;
				DEVELOPMENT_TEAM = J349HN2J4J;
				INFOPLIST_FILE = iliili/Info.plist;
				IPHONEOS_DEPLOYMENT_TARGET = 13.0;
				LD_RUNPATH_SEARCH_PATHS = (
					"$(inherited)",
					"@executable_path/Frameworks",
				);
				PRODUCT_BUNDLE_IDENTIFIER = com.viktorgordienko.iliili;
				PRODUCT_NAME = "$(TARGET_NAME)";
				SWIFT_VERSION = 5.0;
				TARGETED_DEVICE_FAMILY = "1,2";
			};
			name = Debug;
		};
		056E706123731B4E007E326C /* Release */ = {
			isa = XCBuildConfiguration;
			baseConfigurationReference = ABE565BACDAA628EE20EA491 /* Pods-iliili.release.xcconfig */;
			buildSettings = {
				ASSETCATALOG_COMPILER_APPICON_NAME = AppIcon;
				CODE_SIGN_STYLE = Automatic;
				DEVELOPMENT_TEAM = J349HN2J4J;
				INFOPLIST_FILE = iliili/Info.plist;
				IPHONEOS_DEPLOYMENT_TARGET = 13.0;
				LD_RUNPATH_SEARCH_PATHS = (
					"$(inherited)",
					"@executable_path/Frameworks",
				);
				PRODUCT_BUNDLE_IDENTIFIER = com.viktorgordienko.iliili;
				PRODUCT_NAME = "$(TARGET_NAME)";
				SWIFT_VERSION = 5.0;
				TARGETED_DEVICE_FAMILY = "1,2";
			};
			name = Release;
		};
/* End XCBuildConfiguration section */

/* Begin XCConfigurationList section */
		056E704623731B48007E326C /* Build configuration list for PBXProject "iliili" */ = {
			isa = XCConfigurationList;
			buildConfigurations = (
				056E705D23731B4E007E326C /* Debug */,
				056E705E23731B4E007E326C /* Release */,
			);
			defaultConfigurationIsVisible = 0;
			defaultConfigurationName = Release;
		};
		056E705F23731B4E007E326C /* Build configuration list for PBXNativeTarget "iliili" */ = {
			isa = XCConfigurationList;
			buildConfigurations = (
				056E706023731B4E007E326C /* Debug */,
				056E706123731B4E007E326C /* Release */,
			);
			defaultConfigurationIsVisible = 0;
			defaultConfigurationName = Release;
		};
/* End XCConfigurationList section */
	};
	rootObject = 056E704323731B48007E326C /* Project object */;
}
